// !$*UTF8*$!
{
	archiveVersion = 1;
	classes = {
	};
	objectVersion = 56;
	objects = {

/* Begin PBXBuildFile section */
		325269842A0B6EA400F473E8 /* ArticlePageViewController.swift in Sources */ = {isa = PBXBuildFile; fileRef = 325269832A0B6EA400F473E8 /* ArticlePageViewController.swift */; };
		325269862A0B6EE600F473E8 /* ArticleView.swift in Sources */ = {isa = PBXBuildFile; fileRef = 325269852A0B6EE600F473E8 /* ArticleView.swift */; };
		32EDC1E52A0B2465000FD922 /* SnapKit in Frameworks */ = {isa = PBXBuildFile; productRef = 32EDC1E42A0B2465000FD922 /* SnapKit */; };
		86E8C5A52A090ED700059CF4 /* AppDelegate.swift in Sources */ = {isa = PBXBuildFile; fileRef = 86E8C5A42A090ED700059CF4 /* AppDelegate.swift */; };
		86E8C5A72A090ED700059CF4 /* SceneDelegate.swift in Sources */ = {isa = PBXBuildFile; fileRef = 86E8C5A62A090ED700059CF4 /* SceneDelegate.swift */; };
		86E8C5AC2A090ED700059CF4 /* Main.storyboard in Resources */ = {isa = PBXBuildFile; fileRef = 86E8C5AA2A090ED700059CF4 /* Main.storyboard */; };
		86E8C5AE2A090ED800059CF4 /* Assets.xcassets in Resources */ = {isa = PBXBuildFile; fileRef = 86E8C5AD2A090ED800059CF4 /* Assets.xcassets */; };
		86E8C5B12A090ED800059CF4 /* LaunchScreen.storyboard in Resources */ = {isa = PBXBuildFile; fileRef = 86E8C5AF2A090ED800059CF4 /* LaunchScreen.storyboard */; };
		86E8C5C72A09154400059CF4 /* UITabbarController.swift in Sources */ = {isa = PBXBuildFile; fileRef = 86E8C5C62A09154400059CF4 /* UITabbarController.swift */; };
		86E8C5D52A09289E00059CF4 /* HomepageViewController.swift in Sources */ = {isa = PBXBuildFile; fileRef = 86E8C5D42A09289E00059CF4 /* HomepageViewController.swift */; };
		86E8C5D82A0928BD00059CF4 /* BookmarksViewController.swift in Sources */ = {isa = PBXBuildFile; fileRef = 86E8C5D72A0928BD00059CF4 /* BookmarksViewController.swift */; };
		86E8C5DA2A0928CC00059CF4 /* ProfileViewController.swift in Sources */ = {isa = PBXBuildFile; fileRef = 86E8C5D92A0928CC00059CF4 /* ProfileViewController.swift */; };
		86E8C5DD2A092B1700059CF4 /* UIColor+App.swift in Sources */ = {isa = PBXBuildFile; fileRef = 86E8C5DC2A092B1700059CF4 /* UIColor+App.swift */; };
		86E8C5E32A092CBE00059CF4 /* CategoryViewController.swift in Sources */ = {isa = PBXBuildFile; fileRef = 86E8C5E22A092CBE00059CF4 /* CategoryViewController.swift */; };
		86E8C5E92A0A5E6B00059CF4 /* UIFont+App.swift in Sources */ = {isa = PBXBuildFile; fileRef = 86E8C5E82A0A5E6B00059CF4 /* UIFont+App.swift */; };
		86E8C5EF2A0A5F7600059CF4 /* Inter-SemiBold.ttf in Resources */ = {isa = PBXBuildFile; fileRef = 86E8C5EB2A0A5F7600059CF4 /* Inter-SemiBold.ttf */; };
		86E8C5F02A0A5F7600059CF4 /* Inter-Bold.ttf in Resources */ = {isa = PBXBuildFile; fileRef = 86E8C5EC2A0A5F7600059CF4 /* Inter-Bold.ttf */; };
		86E8C5F12A0A5F7600059CF4 /* Inter-Regular.ttf in Resources */ = {isa = PBXBuildFile; fileRef = 86E8C5ED2A0A5F7600059CF4 /* Inter-Regular.ttf */; };
		86E8C5F22A0A5F7600059CF4 /* Inter-Medium.ttf in Resources */ = {isa = PBXBuildFile; fileRef = 86E8C5EE2A0A5F7600059CF4 /* Inter-Medium.ttf */; };
/* End PBXBuildFile section */

/* Begin PBXFileReference section */
		325269832A0B6EA400F473E8 /* ArticlePageViewController.swift */ = {isa = PBXFileReference; lastKnownFileType = sourcecode.swift; path = ArticlePageViewController.swift; sourceTree = "<group>"; };
		325269852A0B6EE600F473E8 /* ArticleView.swift */ = {isa = PBXFileReference; lastKnownFileType = sourcecode.swift; path = ArticleView.swift; sourceTree = "<group>"; };
		86E8C5A12A090ED700059CF4 /* NewsToDay.app */ = {isa = PBXFileReference; explicitFileType = wrapper.application; includeInIndex = 0; path = NewsToDay.app; sourceTree = BUILT_PRODUCTS_DIR; };
		86E8C5A42A090ED700059CF4 /* AppDelegate.swift */ = {isa = PBXFileReference; lastKnownFileType = sourcecode.swift; path = AppDelegate.swift; sourceTree = "<group>"; };
		86E8C5A62A090ED700059CF4 /* SceneDelegate.swift */ = {isa = PBXFileReference; lastKnownFileType = sourcecode.swift; path = SceneDelegate.swift; sourceTree = "<group>"; };
		86E8C5AB2A090ED700059CF4 /* Base */ = {isa = PBXFileReference; lastKnownFileType = file.storyboard; name = Base; path = Base.lproj/Main.storyboard; sourceTree = "<group>"; };
		86E8C5AD2A090ED800059CF4 /* Assets.xcassets */ = {isa = PBXFileReference; lastKnownFileType = folder.assetcatalog; path = Assets.xcassets; sourceTree = "<group>"; };
		86E8C5B02A090ED800059CF4 /* Base */ = {isa = PBXFileReference; lastKnownFileType = file.storyboard; name = Base; path = Base.lproj/LaunchScreen.storyboard; sourceTree = "<group>"; };
		86E8C5B22A090ED800059CF4 /* Info.plist */ = {isa = PBXFileReference; lastKnownFileType = text.plist.xml; path = Info.plist; sourceTree = "<group>"; };
		86E8C5C62A09154400059CF4 /* UITabbarController.swift */ = {isa = PBXFileReference; lastKnownFileType = sourcecode.swift; path = UITabbarController.swift; sourceTree = "<group>"; };
		86E8C5D42A09289E00059CF4 /* HomepageViewController.swift */ = {isa = PBXFileReference; lastKnownFileType = sourcecode.swift; path = HomepageViewController.swift; sourceTree = "<group>"; };
		86E8C5D72A0928BD00059CF4 /* BookmarksViewController.swift */ = {isa = PBXFileReference; lastKnownFileType = sourcecode.swift; path = BookmarksViewController.swift; sourceTree = "<group>"; };
		86E8C5D92A0928CC00059CF4 /* ProfileViewController.swift */ = {isa = PBXFileReference; lastKnownFileType = sourcecode.swift; path = ProfileViewController.swift; sourceTree = "<group>"; };
		86E8C5DC2A092B1700059CF4 /* UIColor+App.swift */ = {isa = PBXFileReference; lastKnownFileType = sourcecode.swift; path = "UIColor+App.swift"; sourceTree = "<group>"; };
		86E8C5E22A092CBE00059CF4 /* CategoryViewController.swift */ = {isa = PBXFileReference; lastKnownFileType = sourcecode.swift; path = CategoryViewController.swift; sourceTree = "<group>"; };
		86E8C5E82A0A5E6B00059CF4 /* UIFont+App.swift */ = {isa = PBXFileReference; lastKnownFileType = sourcecode.swift; path = "UIFont+App.swift"; sourceTree = "<group>"; };
		86E8C5EB2A0A5F7600059CF4 /* Inter-SemiBold.ttf */ = {isa = PBXFileReference; lastKnownFileType = file; path = "Inter-SemiBold.ttf"; sourceTree = "<group>"; };
		86E8C5EC2A0A5F7600059CF4 /* Inter-Bold.ttf */ = {isa = PBXFileReference; lastKnownFileType = file; path = "Inter-Bold.ttf"; sourceTree = "<group>"; };
		86E8C5ED2A0A5F7600059CF4 /* Inter-Regular.ttf */ = {isa = PBXFileReference; lastKnownFileType = file; path = "Inter-Regular.ttf"; sourceTree = "<group>"; };
		86E8C5EE2A0A5F7600059CF4 /* Inter-Medium.ttf */ = {isa = PBXFileReference; lastKnownFileType = file; path = "Inter-Medium.ttf"; sourceTree = "<group>"; };
/* End PBXFileReference section */

/* Begin PBXFrameworksBuildPhase section */
		86E8C59E2A090ED700059CF4 /* Frameworks */ = {
			isa = PBXFrameworksBuildPhase;
			buildActionMask = 2147483647;
			files = (
				32EDC1E52A0B2465000FD922 /* SnapKit in Frameworks */,
			);
			runOnlyForDeploymentPostprocessing = 0;
		};
/* End PBXFrameworksBuildPhase section */

/* Begin PBXGroup section */
		3252697F2A0B6E3B00F473E8 /* ArticlePage */ = {
			isa = PBXGroup;
			children = (
				325269802A0B6E5600F473E8 /* Models */,
				325269812A0B6E7800F473E8 /* Views */,
				325269822A0B6E8100F473E8 /* Controllers */,
			);
			path = ArticlePage;
			sourceTree = "<group>";
		};
		325269802A0B6E5600F473E8 /* Models */ = {
			isa = PBXGroup;
			children = (
			);
			path = Models;
			sourceTree = "<group>";
		};
		325269812A0B6E7800F473E8 /* Views */ = {
			isa = PBXGroup;
			children = (
				325269852A0B6EE600F473E8 /* ArticleView.swift */,
			);
			path = Views;
			sourceTree = "<group>";
		};
		325269822A0B6E8100F473E8 /* Controllers */ = {
			isa = PBXGroup;
			children = (
				325269832A0B6EA400F473E8 /* ArticlePageViewController.swift */,
			);
			path = Controllers;
			sourceTree = "<group>";
		};
		325269872A0B6FAE00F473E8 /* Common */ = {
			isa = PBXGroup;
			children = (
				325269882A0B6FB800F473E8 /* Managers */,
				325269892A0B6FC100F473E8 /* Extensions */,
			);
			path = Common;
			sourceTree = "<group>";
		};
		325269882A0B6FB800F473E8 /* Managers */ = {
			isa = PBXGroup;
			children = (
			);
			path = Managers;
			sourceTree = "<group>";
		};
		325269892A0B6FC100F473E8 /* Extensions */ = {
			isa = PBXGroup;
			children = (
			);
			path = Extensions;
			sourceTree = "<group>";
		};
		32EDC1D52A0B2018000FD922 /* Models */ = {
			isa = PBXGroup;
			children = (
			);
			path = Models;
			sourceTree = "<group>";
		};
		32EDC1D62A0B202D000FD922 /* Views */ = {
			isa = PBXGroup;
			children = (
			);
			path = Views;
			sourceTree = "<group>";
		};
		86E8C5982A090ED700059CF4 = {
			isa = PBXGroup;
			children = (
				86E8C5A32A090ED700059CF4 /* NewsToDay */,
				86E8C5A22A090ED700059CF4 /* Products */,
			);
			sourceTree = "<group>";
		};
		86E8C5A22A090ED700059CF4 /* Products */ = {
			isa = PBXGroup;
			children = (
				86E8C5A12A090ED700059CF4 /* NewsToDay.app */,
			);
			name = Products;
			sourceTree = "<group>";
		};
		86E8C5A32A090ED700059CF4 /* NewsToDay */ = {
			isa = PBXGroup;
			children = (
				86E8C5B82A0911AB00059CF4 /* Modules */,
				325269872A0B6FAE00F473E8 /* Common */,
				86E8C5DB2A092AFA00059CF4 /* UIConstants */,
				86E8C5BF2A09139000059CF4 /* Services */,
				86E8C5C02A0913AD00059CF4 /* Applications */,
				86E8C5B22A090ED800059CF4 /* Info.plist */,
			);
			path = NewsToDay;
			sourceTree = "<group>";
		};
		86E8C5B82A0911AB00059CF4 /* Modules */ = {
			isa = PBXGroup;
			children = (
				86E8C5DE2A092C7F00059CF4 /* Category */,
				86E8C5BD2A0911B900059CF4 /* Homepage */,
				86E8C5BC2A0911B700059CF4 /* Bookmarks */,
				3252697F2A0B6E3B00F473E8 /* ArticlePage */,
				86E8C5BA2A0911B400059CF4 /* Profile */,
			);
			path = Modules;
			sourceTree = "<group>";
		};
		86E8C5BA2A0911B400059CF4 /* Profile */ = {
			isa = PBXGroup;
			children = (
				86E8C5D32A09287200059CF4 /* Models */,
				86E8C5D22A09287000059CF4 /* Views */,
				86E8C5D12A09286E00059CF4 /* Controllers */,
			);
			path = Profile;
			sourceTree = "<group>";
		};
		86E8C5BC2A0911B700059CF4 /* Bookmarks */ = {
			isa = PBXGroup;
			children = (
				86E8C5CD2A09285200059CF4 /* Models */,
				86E8C5CC2A09285000059CF4 /* Views */,
				86E8C5CB2A09284E00059CF4 /* Controllers */,
			);
			path = Bookmarks;
			sourceTree = "<group>";
		};
		86E8C5BD2A0911B900059CF4 /* Homepage */ = {
			isa = PBXGroup;
			children = (
				86E8C5CA2A09284000059CF4 /* Models */,
				86E8C5C82A0927B600059CF4 /* Views */,
				86E8C5C92A0927C700059CF4 /* Controllers */,
			);
			path = Homepage;
			sourceTree = "<group>";
		};
		86E8C5BF2A09139000059CF4 /* Services */ = {
			isa = PBXGroup;
			children = (
				86E8C5C62A09154400059CF4 /* UITabbarController.swift */,
			);
			path = Services;
			sourceTree = "<group>";
		};
		86E8C5C02A0913AD00059CF4 /* Applications */ = {
			isa = PBXGroup;
			children = (
				86E8C5EA2A0A5F0E00059CF4 /* Fonts */,
				86E8C5A42A090ED700059CF4 /* AppDelegate.swift */,
				86E8C5A62A090ED700059CF4 /* SceneDelegate.swift */,
				86E8C5AA2A090ED700059CF4 /* Main.storyboard */,
				86E8C5AD2A090ED800059CF4 /* Assets.xcassets */,
				86E8C5AF2A090ED800059CF4 /* LaunchScreen.storyboard */,
			);
			path = Applications;
			sourceTree = "<group>";
		};
		86E8C5C82A0927B600059CF4 /* Views */ = {
			isa = PBXGroup;
			children = (
			);
			path = Views;
			sourceTree = "<group>";
		};
		86E8C5C92A0927C700059CF4 /* Controllers */ = {
			isa = PBXGroup;
			children = (
				86E8C5D42A09289E00059CF4 /* HomepageViewController.swift */,
			);
			path = Controllers;
			sourceTree = "<group>";
		};
		86E8C5CA2A09284000059CF4 /* Models */ = {
			isa = PBXGroup;
			children = (
			);
			path = Models;
			sourceTree = "<group>";
		};
		86E8C5CB2A09284E00059CF4 /* Controllers */ = {
			isa = PBXGroup;
			children = (
				86E8C5D72A0928BD00059CF4 /* BookmarksViewController.swift */,
			);
			path = Controllers;
			sourceTree = "<group>";
		};
		86E8C5CC2A09285000059CF4 /* Views */ = {
			isa = PBXGroup;
			children = (
			);
			path = Views;
			sourceTree = "<group>";
		};
		86E8C5CD2A09285200059CF4 /* Models */ = {
			isa = PBXGroup;
			children = (
			);
			path = Models;
			sourceTree = "<group>";
		};
		86E8C5D12A09286E00059CF4 /* Controllers */ = {
			isa = PBXGroup;
			children = (
				86E8C5D92A0928CC00059CF4 /* ProfileViewController.swift */,
			);
			path = Controllers;
			sourceTree = "<group>";
		};
		86E8C5D22A09287000059CF4 /* Views */ = {
			isa = PBXGroup;
			children = (
			);
			path = Views;
			sourceTree = "<group>";
		};
		86E8C5D32A09287200059CF4 /* Models */ = {
			isa = PBXGroup;
			children = (
			);
			path = Models;
			sourceTree = "<group>";
		};
		86E8C5DB2A092AFA00059CF4 /* UIConstants */ = {
			isa = PBXGroup;
			children = (
				86E8C5DC2A092B1700059CF4 /* UIColor+App.swift */,
				86E8C5E82A0A5E6B00059CF4 /* UIFont+App.swift */,
			);
			path = UIConstants;
			sourceTree = "<group>";
		};
		86E8C5DE2A092C7F00059CF4 /* Category */ = {
			isa = PBXGroup;
			children = (
				32EDC1D52A0B2018000FD922 /* Models */,
				32EDC1D62A0B202D000FD922 /* Views */,
				86E8C5E12A092CA200059CF4 /* Controllers */,
			);
			path = Category;
			sourceTree = "<group>";
		};
		86E8C5E12A092CA200059CF4 /* Controllers */ = {
			isa = PBXGroup;
			children = (
				86E8C5E22A092CBE00059CF4 /* CategoryViewController.swift */,
			);
			path = Controllers;
			sourceTree = "<group>";
		};
		86E8C5EA2A0A5F0E00059CF4 /* Fonts */ = {
			isa = PBXGroup;
			children = (
				86E8C5EC2A0A5F7600059CF4 /* Inter-Bold.ttf */,
				86E8C5EE2A0A5F7600059CF4 /* Inter-Medium.ttf */,
				86E8C5ED2A0A5F7600059CF4 /* Inter-Regular.ttf */,
				86E8C5EB2A0A5F7600059CF4 /* Inter-SemiBold.ttf */,
			);
			path = Fonts;
			sourceTree = "<group>";
		};
/* End PBXGroup section */

/* Begin PBXNativeTarget section */
		86E8C5A02A090ED700059CF4 /* NewsToDay */ = {
			isa = PBXNativeTarget;
			buildConfigurationList = 86E8C5B52A090ED800059CF4 /* Build configuration list for PBXNativeTarget "NewsToDay" */;
			buildPhases = (
				86E8C59D2A090ED700059CF4 /* Sources */,
				86E8C59E2A090ED700059CF4 /* Frameworks */,
				86E8C59F2A090ED700059CF4 /* Resources */,
			);
			buildRules = (
			);
			dependencies = (
			);
			name = NewsToDay;
			packageProductDependencies = (
				32EDC1E42A0B2465000FD922 /* SnapKit */,
			);
			productName = NewsToDay;
			productReference = 86E8C5A12A090ED700059CF4 /* NewsToDay.app */;
			productType = "com.apple.product-type.application";
		};
/* End PBXNativeTarget section */

/* Begin PBXProject section */
		86E8C5992A090ED700059CF4 /* Project object */ = {
			isa = PBXProject;
			attributes = {
				BuildIndependentTargetsInParallel = 1;
				LastSwiftUpdateCheck = 1430;
				LastUpgradeCheck = 1430;
				TargetAttributes = {
					86E8C5A02A090ED700059CF4 = {
						CreatedOnToolsVersion = 14.3;
					};
				};
			};
			buildConfigurationList = 86E8C59C2A090ED700059CF4 /* Build configuration list for PBXProject "NewsToDay" */;
			compatibilityVersion = "Xcode 14.0";
			developmentRegion = en;
			hasScannedForEncodings = 0;
			knownRegions = (
				en,
				Base,
			);
			mainGroup = 86E8C5982A090ED700059CF4;
			packageReferences = (
				32EDC1E32A0B2465000FD922 /* XCRemoteSwiftPackageReference "SnapKit" */,
			);
			productRefGroup = 86E8C5A22A090ED700059CF4 /* Products */;
			projectDirPath = "";
			projectRoot = "";
			targets = (
				86E8C5A02A090ED700059CF4 /* NewsToDay */,
			);
		};
/* End PBXProject section */

/* Begin PBXResourcesBuildPhase section */
		86E8C59F2A090ED700059CF4 /* Resources */ = {
			isa = PBXResourcesBuildPhase;
			buildActionMask = 2147483647;
			files = (
				86E8C5EF2A0A5F7600059CF4 /* Inter-SemiBold.ttf in Resources */,
				86E8C5F02A0A5F7600059CF4 /* Inter-Bold.ttf in Resources */,
				86E8C5B12A090ED800059CF4 /* LaunchScreen.storyboard in Resources */,
				86E8C5AE2A090ED800059CF4 /* Assets.xcassets in Resources */,
				86E8C5F22A0A5F7600059CF4 /* Inter-Medium.ttf in Resources */,
				86E8C5F12A0A5F7600059CF4 /* Inter-Regular.ttf in Resources */,
				86E8C5AC2A090ED700059CF4 /* Main.storyboard in Resources */,
			);
			runOnlyForDeploymentPostprocessing = 0;
		};
/* End PBXResourcesBuildPhase section */

/* Begin PBXSourcesBuildPhase section */
		86E8C59D2A090ED700059CF4 /* Sources */ = {
			isa = PBXSourcesBuildPhase;
			buildActionMask = 2147483647;
			files = (
				86E8C5DA2A0928CC00059CF4 /* ProfileViewController.swift in Sources */,
				86E8C5E92A0A5E6B00059CF4 /* UIFont+App.swift in Sources */,
				86E8C5D82A0928BD00059CF4 /* BookmarksViewController.swift in Sources */,
				86E8C5D52A09289E00059CF4 /* HomepageViewController.swift in Sources */,
				86E8C5C72A09154400059CF4 /* UITabbarController.swift in Sources */,
				86E8C5E32A092CBE00059CF4 /* CategoryViewController.swift in Sources */,
				325269842A0B6EA400F473E8 /* ArticlePageViewController.swift in Sources */,
				86E8C5A52A090ED700059CF4 /* AppDelegate.swift in Sources */,
				86E8C5A72A090ED700059CF4 /* SceneDelegate.swift in Sources */,
				86E8C5DD2A092B1700059CF4 /* UIColor+App.swift in Sources */,
				325269862A0B6EE600F473E8 /* ArticleView.swift in Sources */,
			);
			runOnlyForDeploymentPostprocessing = 0;
		};
/* End PBXSourcesBuildPhase section */

/* Begin PBXVariantGroup section */
		86E8C5AA2A090ED700059CF4 /* Main.storyboard */ = {
			isa = PBXVariantGroup;
			children = (
				86E8C5AB2A090ED700059CF4 /* Base */,
			);
			name = Main.storyboard;
			sourceTree = "<group>";
		};
		86E8C5AF2A090ED800059CF4 /* LaunchScreen.storyboard */ = {
			isa = PBXVariantGroup;
			children = (
				86E8C5B02A090ED800059CF4 /* Base */,
			);
			name = LaunchScreen.storyboard;
			sourceTree = "<group>";
		};
/* End PBXVariantGroup section */

/* Begin XCBuildConfiguration section */
		86E8C5B32A090ED800059CF4 /* Debug */ = {
			isa = XCBuildConfiguration;
			buildSettings = {
				ALWAYS_SEARCH_USER_PATHS = NO;
				CLANG_ANALYZER_NONNULL = YES;
				CLANG_ANALYZER_NUMBER_OBJECT_CONVERSION = YES_AGGRESSIVE;
				CLANG_CXX_LANGUAGE_STANDARD = "gnu++20";
				CLANG_ENABLE_MODULES = YES;
				CLANG_ENABLE_OBJC_ARC = YES;
				CLANG_ENABLE_OBJC_WEAK = YES;
				CLANG_WARN_BLOCK_CAPTURE_AUTORELEASING = YES;
				CLANG_WARN_BOOL_CONVERSION = YES;
				CLANG_WARN_COMMA = YES;
				CLANG_WARN_CONSTANT_CONVERSION = YES;
				CLANG_WARN_DEPRECATED_OBJC_IMPLEMENTATIONS = YES;
				CLANG_WARN_DIRECT_OBJC_ISA_USAGE = YES_ERROR;
				CLANG_WARN_DOCUMENTATION_COMMENTS = YES;
				CLANG_WARN_EMPTY_BODY = YES;
				CLANG_WARN_ENUM_CONVERSION = YES;
				CLANG_WARN_INFINITE_RECURSION = YES;
				CLANG_WARN_INT_CONVERSION = YES;
				CLANG_WARN_NON_LITERAL_NULL_CONVERSION = YES;
				CLANG_WARN_OBJC_IMPLICIT_RETAIN_SELF = YES;
				CLANG_WARN_OBJC_LITERAL_CONVERSION = YES;
				CLANG_WARN_OBJC_ROOT_CLASS = YES_ERROR;
				CLANG_WARN_QUOTED_INCLUDE_IN_FRAMEWORK_HEADER = YES;
				CLANG_WARN_RANGE_LOOP_ANALYSIS = YES;
				CLANG_WARN_STRICT_PROTOTYPES = YES;
				CLANG_WARN_SUSPICIOUS_MOVE = YES;
				CLANG_WARN_UNGUARDED_AVAILABILITY = YES_AGGRESSIVE;
				CLANG_WARN_UNREACHABLE_CODE = YES;
				CLANG_WARN__DUPLICATE_METHOD_MATCH = YES;
				COPY_PHASE_STRIP = NO;
				DEBUG_INFORMATION_FORMAT = dwarf;
				ENABLE_STRICT_OBJC_MSGSEND = YES;
				ENABLE_TESTABILITY = YES;
				GCC_C_LANGUAGE_STANDARD = gnu11;
				GCC_DYNAMIC_NO_PIC = NO;
				GCC_NO_COMMON_BLOCKS = YES;
				GCC_OPTIMIZATION_LEVEL = 0;
				GCC_PREPROCESSOR_DEFINITIONS = (
					"DEBUG=1",
					"$(inherited)",
				);
				GCC_WARN_64_TO_32_BIT_CONVERSION = YES;
				GCC_WARN_ABOUT_RETURN_TYPE = YES_ERROR;
				GCC_WARN_UNDECLARED_SELECTOR = YES;
				GCC_WARN_UNINITIALIZED_AUTOS = YES_AGGRESSIVE;
				GCC_WARN_UNUSED_FUNCTION = YES;
				GCC_WARN_UNUSED_VARIABLE = YES;
				IPHONEOS_DEPLOYMENT_TARGET = 16.4;
				MTL_ENABLE_DEBUG_INFO = INCLUDE_SOURCE;
				MTL_FAST_MATH = YES;
				ONLY_ACTIVE_ARCH = YES;
				SDKROOT = iphoneos;
				SWIFT_ACTIVE_COMPILATION_CONDITIONS = DEBUG;
				SWIFT_OPTIMIZATION_LEVEL = "-Onone";
			};
			name = Debug;
		};
		86E8C5B42A090ED800059CF4 /* Release */ = {
			isa = XCBuildConfiguration;
			buildSettings = {
				ALWAYS_SEARCH_USER_PATHS = NO;
				CLANG_ANALYZER_NONNULL = YES;
				CLANG_ANALYZER_NUMBER_OBJECT_CONVERSION = YES_AGGRESSIVE;
				CLANG_CXX_LANGUAGE_STANDARD = "gnu++20";
				CLANG_ENABLE_MODULES = YES;
				CLANG_ENABLE_OBJC_ARC = YES;
				CLANG_ENABLE_OBJC_WEAK = YES;
				CLANG_WARN_BLOCK_CAPTURE_AUTORELEASING = YES;
				CLANG_WARN_BOOL_CONVERSION = YES;
				CLANG_WARN_COMMA = YES;
				CLANG_WARN_CONSTANT_CONVERSION = YES;
				CLANG_WARN_DEPRECATED_OBJC_IMPLEMENTATIONS = YES;
				CLANG_WARN_DIRECT_OBJC_ISA_USAGE = YES_ERROR;
				CLANG_WARN_DOCUMENTATION_COMMENTS = YES;
				CLANG_WARN_EMPTY_BODY = YES;
				CLANG_WARN_ENUM_CONVERSION = YES;
				CLANG_WARN_INFINITE_RECURSION = YES;
				CLANG_WARN_INT_CONVERSION = YES;
				CLANG_WARN_NON_LITERAL_NULL_CONVERSION = YES;
				CLANG_WARN_OBJC_IMPLICIT_RETAIN_SELF = YES;
				CLANG_WARN_OBJC_LITERAL_CONVERSION = YES;
				CLANG_WARN_OBJC_ROOT_CLASS = YES_ERROR;
				CLANG_WARN_QUOTED_INCLUDE_IN_FRAMEWORK_HEADER = YES;
				CLANG_WARN_RANGE_LOOP_ANALYSIS = YES;
				CLANG_WARN_STRICT_PROTOTYPES = YES;
				CLANG_WARN_SUSPICIOUS_MOVE = YES;
				CLANG_WARN_UNGUARDED_AVAILABILITY = YES_AGGRESSIVE;
				CLANG_WARN_UNREACHABLE_CODE = YES;
				CLANG_WARN__DUPLICATE_METHOD_MATCH = YES;
				COPY_PHASE_STRIP = NO;
				DEBUG_INFORMATION_FORMAT = "dwarf-with-dsym";
				ENABLE_NS_ASSERTIONS = NO;
				ENABLE_STRICT_OBJC_MSGSEND = YES;
				GCC_C_LANGUAGE_STANDARD = gnu11;
				GCC_NO_COMMON_BLOCKS = YES;
				GCC_WARN_64_TO_32_BIT_CONVERSION = YES;
				GCC_WARN_ABOUT_RETURN_TYPE = YES_ERROR;
				GCC_WARN_UNDECLARED_SELECTOR = YES;
				GCC_WARN_UNINITIALIZED_AUTOS = YES_AGGRESSIVE;
				GCC_WARN_UNUSED_FUNCTION = YES;
				GCC_WARN_UNUSED_VARIABLE = YES;
				IPHONEOS_DEPLOYMENT_TARGET = 16.4;
				MTL_ENABLE_DEBUG_INFO = NO;
				MTL_FAST_MATH = YES;
				SDKROOT = iphoneos;
				SWIFT_COMPILATION_MODE = wholemodule;
				SWIFT_OPTIMIZATION_LEVEL = "-O";
				VALIDATE_PRODUCT = YES;
			};
			name = Release;
		};
		86E8C5B62A090ED800059CF4 /* Debug */ = {
			isa = XCBuildConfiguration;
			buildSettings = {
				ASSETCATALOG_COMPILER_APPICON_NAME = AppIcon;
				ASSETCATALOG_COMPILER_GLOBAL_ACCENT_COLOR_NAME = AccentColor;
				CODE_SIGN_STYLE = Automatic;
				CURRENT_PROJECT_VERSION = 1;
				DEVELOPMENT_TEAM = MU6RTL5NN9;
				GENERATE_INFOPLIST_FILE = YES;
				INFOPLIST_FILE = NewsToDay/Info.plist;
				INFOPLIST_KEY_UIApplicationSupportsIndirectInputEvents = YES;
				INFOPLIST_KEY_UILaunchStoryboardName = LaunchScreen;
				INFOPLIST_KEY_UIMainStoryboardFile = Main;
				INFOPLIST_KEY_UISupportedInterfaceOrientations = UIInterfaceOrientationPortrait;
				INFOPLIST_KEY_UISupportedInterfaceOrientations_iPad = "UIInterfaceOrientationLandscapeLeft UIInterfaceOrientationLandscapeRight UIInterfaceOrientationPortrait UIInterfaceOrientationPortraitUpsideDown";
				IPHONEOS_DEPLOYMENT_TARGET = 15.0;
				LD_RUNPATH_SEARCH_PATHS = (
					"$(inherited)",
					"@executable_path/Frameworks",
				);
				MARKETING_VERSION = 1.0;
				PRODUCT_BUNDLE_IDENTIFIER = com.zcred.NewsToDay;
				PRODUCT_NAME = "$(TARGET_NAME)";
				SUPPORTED_PLATFORMS = "iphoneos iphonesimulator";
				SUPPORTS_MACCATALYST = NO;
				SUPPORTS_MAC_DESIGNED_FOR_IPHONE_IPAD = NO;
				SWIFT_EMIT_LOC_STRINGS = YES;
				SWIFT_VERSION = 5.0;
				TARGETED_DEVICE_FAMILY = 1;
			};
			name = Debug;
		};
		86E8C5B72A090ED800059CF4 /* Release */ = {
			isa = XCBuildConfiguration;
			buildSettings = {
				ASSETCATALOG_COMPILER_APPICON_NAME = AppIcon;
				ASSETCATALOG_COMPILER_GLOBAL_ACCENT_COLOR_NAME = AccentColor;
				CODE_SIGN_STYLE = Automatic;
				CURRENT_PROJECT_VERSION = 1;
				DEVELOPMENT_TEAM = MU6RTL5NN9;
				GENERATE_INFOPLIST_FILE = YES;
				INFOPLIST_FILE = NewsToDay/Info.plist;
				INFOPLIST_KEY_UIApplicationSupportsIndirectInputEvents = YES;
				INFOPLIST_KEY_UILaunchStoryboardName = LaunchScreen;
				INFOPLIST_KEY_UIMainStoryboardFile = Main;
				INFOPLIST_KEY_UISupportedInterfaceOrientations = UIInterfaceOrientationPortrait;
				INFOPLIST_KEY_UISupportedInterfaceOrientations_iPad = "UIInterfaceOrientationLandscapeLeft UIInterfaceOrientationLandscapeRight UIInterfaceOrientationPortrait UIInterfaceOrientationPortraitUpsideDown";
				IPHONEOS_DEPLOYMENT_TARGET = 15.0;
				LD_RUNPATH_SEARCH_PATHS = (
					"$(inherited)",
					"@executable_path/Frameworks",
				);
				MARKETING_VERSION = 1.0;
				PRODUCT_BUNDLE_IDENTIFIER = com.zcred.NewsToDay;
				PRODUCT_NAME = "$(TARGET_NAME)";
				SUPPORTED_PLATFORMS = "iphoneos iphonesimulator";
				SUPPORTS_MACCATALYST = NO;
				SUPPORTS_MAC_DESIGNED_FOR_IPHONE_IPAD = NO;
				SWIFT_EMIT_LOC_STRINGS = YES;
				SWIFT_VERSION = 5.0;
				TARGETED_DEVICE_FAMILY = 1;
			};
			name = Release;
		};
/* End XCBuildConfiguration section */

/* Begin XCConfigurationList section */
		86E8C59C2A090ED700059CF4 /* Build configuration list for PBXProject "NewsToDay" */ = {
			isa = XCConfigurationList;
			buildConfigurations = (
				86E8C5B32A090ED800059CF4 /* Debug */,
				86E8C5B42A090ED800059CF4 /* Release */,
			);
			defaultConfigurationIsVisible = 0;
			defaultConfigurationName = Release;
		};
		86E8C5B52A090ED800059CF4 /* Build configuration list for PBXNativeTarget "NewsToDay" */ = {
			isa = XCConfigurationList;
			buildConfigurations = (
				86E8C5B62A090ED800059CF4 /* Debug */,
				86E8C5B72A090ED800059CF4 /* Release */,
			);
			defaultConfigurationIsVisible = 0;
			defaultConfigurationName = Release;
		};
/* End XCConfigurationList section */

/* Begin XCRemoteSwiftPackageReference section */
		32EDC1E32A0B2465000FD922 /* XCRemoteSwiftPackageReference "SnapKit" */ = {
			isa = XCRemoteSwiftPackageReference;
			repositoryURL = "https://github.com/SnapKit/SnapKit";
			requirement = {
				kind = upToNextMajorVersion;
				minimumVersion = 5.0.0;
			};
		};
/* End XCRemoteSwiftPackageReference section */

/* Begin XCSwiftPackageProductDependency section */
		32EDC1E42A0B2465000FD922 /* SnapKit */ = {
			isa = XCSwiftPackageProductDependency;
			package = 32EDC1E32A0B2465000FD922 /* XCRemoteSwiftPackageReference "SnapKit" */;
			productName = SnapKit;
		};
/* End XCSwiftPackageProductDependency section */
	};
	rootObject = 86E8C5992A090ED700059CF4 /* Project object */;
}
